// !$*UTF8*$!
{
	archiveVersion = 1;
	classes = {
	};
	objectVersion = 50;
	objects = {

/* Begin PBXBuildFile section */
		8AA5C81C2208EF0800F08392 /* AppDelegate.swift in Sources */ = {isa = PBXBuildFile; fileRef = 8AA5C81B2208EF0800F08392 /* AppDelegate.swift */; };
		8AA5C81E2208EF0800F08392 /* FirstViewController.swift in Sources */ = {isa = PBXBuildFile; fileRef = 8AA5C81D2208EF0800F08392 /* FirstViewController.swift */; };
		8AA5C8202208EF0800F08392 /* SecondViewController.swift in Sources */ = {isa = PBXBuildFile; fileRef = 8AA5C81F2208EF0800F08392 /* SecondViewController.swift */; };
		8AA5C8232208EF0800F08392 /* Main.storyboard in Resources */ = {isa = PBXBuildFile; fileRef = 8AA5C8212208EF0800F08392 /* Main.storyboard */; };
		8AA5C8252208EF0B00F08392 /* Assets.xcassets in Resources */ = {isa = PBXBuildFile; fileRef = 8AA5C8242208EF0B00F08392 /* Assets.xcassets */; };
		8AA5C8282208EF0B00F08392 /* LaunchScreen.storyboard in Resources */ = {isa = PBXBuildFile; fileRef = 8AA5C8262208EF0B00F08392 /* LaunchScreen.storyboard */; };
		8AA5C8302208F08900F08392 /* ThirdViewController.swift in Sources */ = {isa = PBXBuildFile; fileRef = 8AA5C82F2208F08900F08392 /* ThirdViewController.swift */; };
		8AA5C8322208F4CF00F08392 /* Genres.swift in Sources */ = {isa = PBXBuildFile; fileRef = 8AA5C8312208F4CF00F08392 /* Genres.swift */; };
		8AA5C8342208F4E600F08392 /* GenresController.swift in Sources */ = {isa = PBXBuildFile; fileRef = 8AA5C8332208F4E600F08392 /* GenresController.swift */; };
		8AA5C8362209160900F08392 /* genres.plist in Resources */ = {isa = PBXBuildFile; fileRef = 8AA5C8352209160900F08392 /* genres.plist */; };
/* End PBXBuildFile section */

/* Begin PBXFileReference section */
		8AA5C8182208EF0800F08392 /* banddiscovery.app */ = {isa = PBXFileReference; explicitFileType = wrapper.application; includeInIndex = 0; path = banddiscovery.app; sourceTree = BUILT_PRODUCTS_DIR; };
		8AA5C81B2208EF0800F08392 /* AppDelegate.swift */ = {isa = PBXFileReference; lastKnownFileType = sourcecode.swift; path = AppDelegate.swift; sourceTree = "<group>"; };
		8AA5C81D2208EF0800F08392 /* FirstViewController.swift */ = {isa = PBXFileReference; lastKnownFileType = sourcecode.swift; path = FirstViewController.swift; sourceTree = "<group>"; };
		8AA5C81F2208EF0800F08392 /* SecondViewController.swift */ = {isa = PBXFileReference; lastKnownFileType = sourcecode.swift; path = SecondViewController.swift; sourceTree = "<group>"; };
		8AA5C8222208EF0800F08392 /* Base */ = {isa = PBXFileReference; lastKnownFileType = file.storyboard; name = Base; path = Base.lproj/Main.storyboard; sourceTree = "<group>"; };
		8AA5C8242208EF0B00F08392 /* Assets.xcassets */ = {isa = PBXFileReference; lastKnownFileType = folder.assetcatalog; path = Assets.xcassets; sourceTree = "<group>"; };
		8AA5C8272208EF0B00F08392 /* Base */ = {isa = PBXFileReference; lastKnownFileType = file.storyboard; name = Base; path = Base.lproj/LaunchScreen.storyboard; sourceTree = "<group>"; };
		8AA5C8292208EF0B00F08392 /* Info.plist */ = {isa = PBXFileReference; lastKnownFileType = text.plist.xml; path = Info.plist; sourceTree = "<group>"; };
		8AA5C82F2208F08900F08392 /* ThirdViewController.swift */ = {isa = PBXFileReference; lastKnownFileType = sourcecode.swift; path = ThirdViewController.swift; sourceTree = "<group>"; };
		8AA5C8312208F4CF00F08392 /* Genres.swift */ = {isa = PBXFileReference; lastKnownFileType = sourcecode.swift; path = Genres.swift; sourceTree = "<group>"; };
		8AA5C8332208F4E600F08392 /* GenresController.swift */ = {isa = PBXFileReference; lastKnownFileType = sourcecode.swift; path = GenresController.swift; sourceTree = "<group>"; };
		8AA5C8352209160900F08392 /* genres.plist */ = {isa = PBXFileReference; fileEncoding = 4; lastKnownFileType = text.plist.xml; path = genres.plist; sourceTree = "<group>"; };
/* End PBXFileReference section */

/* Begin PBXFrameworksBuildPhase section */
		8AA5C8152208EF0800F08392 /* Frameworks */ = {
			isa = PBXFrameworksBuildPhase;
			buildActionMask = 2147483647;
			files = (
			);
			runOnlyForDeploymentPostprocessing = 0;
		};
/* End PBXFrameworksBuildPhase section */

/* Begin PBXGroup section */
		8AA5C80F2208EF0800F08392 = {
			isa = PBXGroup;
			children = (
				8AA5C81A2208EF0800F08392 /* banddiscovery */,
				8AA5C8192208EF0800F08392 /* Products */,
			);
			sourceTree = "<group>";
		};
		8AA5C8192208EF0800F08392 /* Products */ = {
			isa = PBXGroup;
			children = (
				8AA5C8182208EF0800F08392 /* banddiscovery.app */,
			);
			name = Products;
			sourceTree = "<group>";
		};
		8AA5C81A2208EF0800F08392 /* banddiscovery */ = {
			isa = PBXGroup;
			children = (
				8AA5C81B2208EF0800F08392 /* AppDelegate.swift */,
				8AA5C8212208EF0800F08392 /* Main.storyboard */,
				8AA5C81D2208EF0800F08392 /* FirstViewController.swift */,
				8AA5C8312208F4CF00F08392 /* Genres.swift */,
				8AA5C8332208F4E600F08392 /* GenresController.swift */,
				8AA5C81F2208EF0800F08392 /* SecondViewController.swift */,
				8AA5C82F2208F08900F08392 /* ThirdViewController.swift */,
				8AA5C8242208EF0B00F08392 /* Assets.xcassets */,
				8AA5C8262208EF0B00F08392 /* LaunchScreen.storyboard */,
				8AA5C8352209160900F08392 /* genres.plist */,
				8AA5C8292208EF0B00F08392 /* Info.plist */,
			);
			path = banddiscovery;
			sourceTree = "<group>";
		};
/* End PBXGroup section */

/* Begin PBXNativeTarget section */
		8AA5C8172208EF0800F08392 /* banddiscovery */ = {
			isa = PBXNativeTarget;
			buildConfigurationList = 8AA5C82C2208EF0B00F08392 /* Build configuration list for PBXNativeTarget "banddiscovery" */;
			buildPhases = (
				8AA5C8142208EF0800F08392 /* Sources */,
				8AA5C8152208EF0800F08392 /* Frameworks */,
				8AA5C8162208EF0800F08392 /* Resources */,
			);
			buildRules = (
			);
			dependencies = (
			);
			name = banddiscovery;
			productName = banddiscovery;
			productReference = 8AA5C8182208EF0800F08392 /* banddiscovery.app */;
			productType = "com.apple.product-type.application";
		};
/* End PBXNativeTarget section */

/* Begin PBXProject section */
		8AA5C8102208EF0800F08392 /* Project object */ = {
			isa = PBXProject;
			attributes = {
				LastSwiftUpdateCheck = 1010;
				LastUpgradeCheck = 1010;
				ORGANIZATIONNAME = "Rachel Slagle";
				TargetAttributes = {
					8AA5C8172208EF0800F08392 = {
						CreatedOnToolsVersion = 10.1;
					};
				};
			};
			buildConfigurationList = 8AA5C8132208EF0800F08392 /* Build configuration list for PBXProject "banddiscovery" */;
			compatibilityVersion = "Xcode 9.3";
			developmentRegion = en;
			hasScannedForEncodings = 0;
			knownRegions = (
				en,
				Base,
			);
			mainGroup = 8AA5C80F2208EF0800F08392;
			productRefGroup = 8AA5C8192208EF0800F08392 /* Products */;
			projectDirPath = "";
			projectRoot = "";
			targets = (
				8AA5C8172208EF0800F08392 /* banddiscovery */,
			);
		};
/* End PBXProject section */

/* Begin PBXResourcesBuildPhase section */
		8AA5C8162208EF0800F08392 /* Resources */ = {
			isa = PBXResourcesBuildPhase;
			buildActionMask = 2147483647;
			files = (
				8AA5C8282208EF0B00F08392 /* LaunchScreen.storyboard in Resources */,
				8AA5C8252208EF0B00F08392 /* Assets.xcassets in Resources */,
				8AA5C8362209160900F08392 /* genres.plist in Resources */,
				8AA5C8232208EF0800F08392 /* Main.storyboard in Resources */,
			);
			runOnlyForDeploymentPostprocessing = 0;
		};
/* End PBXResourcesBuildPhase section */

/* Begin PBXSourcesBuildPhase section */
		8AA5C8142208EF0800F08392 /* Sources */ = {
			isa = PBXSourcesBuildPhase;
			buildActionMask = 2147483647;
			files = (
				8AA5C8202208EF0800F08392 /* SecondViewController.swift in Sources */,
				8AA5C8322208F4CF00F08392 /* Genres.swift in Sources */,
				8AA5C81C2208EF0800F08392 /* AppDelegate.swift in Sources */,
				8AA5C8342208F4E600F08392 /* GenresController.swift in Sources */,
				8AA5C8302208F08900F08392 /* ThirdViewController.swift in Sources */,
				8AA5C81E2208EF0800F08392 /* FirstViewController.swift in Sources */,
			);
			runOnlyForDeploymentPostprocessing = 0;
		};
/* End PBXSourcesBuildPhase section */

/* Begin PBXVariantGroup section */
		8AA5C8212208EF0800F08392 /* Main.storyboard */ = {
			isa = PBXVariantGroup;
			children = (
				8AA5C8222208EF0800F08392 /* Base */,
			);
			name = Main.storyboard;
			sourceTree = "<group>";
		};
		8AA5C8262208EF0B00F08392 /* LaunchScreen.storyboard */ = {
			isa = PBXVariantGroup;
			children = (
				8AA5C8272208EF0B00F08392 /* Base */,
			);
			name = LaunchScreen.storyboard;
			sourceTree = "<group>";
		};
/* End PBXVariantGroup section */

/* Begin XCBuildConfiguration section */
		8AA5C82A2208EF0B00F08392 /* Debug */ = {
			isa = XCBuildConfiguration;
			buildSettings = {
				ALWAYS_SEARCH_USER_PATHS = NO;
				CLANG_ANALYZER_NONNULL = YES;
				CLANG_ANALYZER_NUMBER_OBJECT_CONVERSION = YES_AGGRESSIVE;
				CLANG_CXX_LANGUAGE_STANDARD = "gnu++14";
				CLANG_CXX_LIBRARY = "libc++";
				CLANG_ENABLE_MODULES = YES;
				CLANG_ENABLE_OBJC_ARC = YES;
				CLANG_ENABLE_OBJC_WEAK = YES;
				CLANG_WARN_BLOCK_CAPTURE_AUTORELEASING = YES;
				CLANG_WARN_BOOL_CONVERSION = YES;
				CLANG_WARN_COMMA = YES;
				CLANG_WARN_CONSTANT_CONVERSION = YES;
				CLANG_WARN_DEPRECATED_OBJC_IMPLEMENTATIONS = YES;
				CLANG_WARN_DIRECT_OBJC_ISA_USAGE = YES_ERROR;
				CLANG_WARN_DOCUMENTATION_COMMENTS = YES;
				CLANG_WARN_EMPTY_BODY = YES;
				CLANG_WARN_ENUM_CONVERSION = YES;
				CLANG_WARN_INFINITE_RECURSION = YES;
				CLANG_WARN_INT_CONVERSION = YES;
				CLANG_WARN_NON_LITERAL_NULL_CONVERSION = YES;
				CLANG_WARN_OBJC_IMPLICIT_RETAIN_SELF = YES;
				CLANG_WARN_OBJC_LITERAL_CONVERSION = YES;
				CLANG_WARN_OBJC_ROOT_CLASS = YES_ERROR;
				CLANG_WARN_RANGE_LOOP_ANALYSIS = YES;
				CLANG_WARN_STRICT_PROTOTYPES = YES;
				CLANG_WARN_SUSPICIOUS_MOVE = YES;
				CLANG_WARN_UNGUARDED_AVAILABILITY = YES_AGGRESSIVE;
				CLANG_WARN_UNREACHABLE_CODE = YES;
				CLANG_WARN__DUPLICATE_METHOD_MATCH = YES;
				CODE_SIGN_IDENTITY = "iPhone Developer";
				COPY_PHASE_STRIP = NO;
				DEBUG_INFORMATION_FORMAT = dwarf;
				ENABLE_STRICT_OBJC_MSGSEND = YES;
				ENABLE_TESTABILITY = YES;
				GCC_C_LANGUAGE_STANDARD = gnu11;
				GCC_DYNAMIC_NO_PIC = NO;
				GCC_NO_COMMON_BLOCKS = YES;
				GCC_OPTIMIZATION_LEVEL = 0;
				GCC_PREPROCESSOR_DEFINITIONS = (
					"DEBUG=1",
					"$(inherited)",
				);
				GCC_WARN_64_TO_32_BIT_CONVERSION = YES;
				GCC_WARN_ABOUT_RETURN_TYPE = YES_ERROR;
				GCC_WARN_UNDECLARED_SELECTOR = YES;
				GCC_WARN_UNINITIALIZED_AUTOS = YES_AGGRESSIVE;
				GCC_WARN_UNUSED_FUNCTION = YES;
				GCC_WARN_UNUSED_VARIABLE = YES;
				IPHONEOS_DEPLOYMENT_TARGET = 12.1;
				MTL_ENABLE_DEBUG_INFO = INCLUDE_SOURCE;
				MTL_FAST_MATH = YES;
				ONLY_ACTIVE_ARCH = YES;
				SDKROOT = iphoneos;
				SWIFT_ACTIVE_COMPILATION_CONDITIONS = DEBUG;
				SWIFT_OPTIMIZATION_LEVEL = "-Onone";
			};
			name = Debug;
		};
		8AA5C82B2208EF0B00F08392 /* Release */ = {
			isa = XCBuildConfiguration;
			buildSettings = {
				ALWAYS_SEARCH_USER_PATHS = NO;
				CLANG_ANALYZER_NONNULL = YES;
				CLANG_ANALYZER_NUMBER_OBJECT_CONVERSION = YES_AGGRESSIVE;
				CLANG_CXX_LANGUAGE_STANDARD = "gnu++14";
				CLANG_CXX_LIBRARY = "libc++";
				CLANG_ENABLE_MODULES = YES;
				CLANG_ENABLE_OBJC_ARC = YES;
				CLANG_ENABLE_OBJC_WEAK = YES;
				CLANG_WARN_BLOCK_CAPTURE_AUTORELEASING = YES;
				CLANG_WARN_BOOL_CONVERSION = YES;
				CLANG_WARN_COMMA = YES;
				CLANG_WARN_CONSTANT_CONVERSION = YES;
				CLANG_WARN_DEPRECATED_OBJC_IMPLEMENTATIONS = YES;
				CLANG_WARN_DIRECT_OBJC_ISA_USAGE = YES_ERROR;
				CLANG_WARN_DOCUMENTATION_COMMENTS = YES;
				CLANG_WARN_EMPTY_BODY = YES;
				CLANG_WARN_ENUM_CONVERSION = YES;
				CLANG_WARN_INFINITE_RECURSION = YES;
				CLANG_WARN_INT_CONVERSION = YES;
				CLANG_WARN_NON_LITERAL_NULL_CONVERSION = YES;
				CLANG_WARN_OBJC_IMPLICIT_RETAIN_SELF = YES;
				CLANG_WARN_OBJC_LITERAL_CONVERSION = YES;
				CLANG_WARN_OBJC_ROOT_CLASS = YES_ERROR;
				CLANG_WARN_RANGE_LOOP_ANALYSIS = YES;
				CLANG_WARN_STRICT_PROTOTYPES = YES;
				CLANG_WARN_SUSPICIOUS_MOVE = YES;
				CLANG_WARN_UNGUARDED_AVAILABILITY = YES_AGGRESSIVE;
				CLANG_WARN_UNREACHABLE_CODE = YES;
				CLANG_WARN__DUPLICATE_METHOD_MATCH = YES;
				CODE_SIGN_IDENTITY = "iPhone Developer";
				COPY_PHASE_STRIP = NO;
				DEBUG_INFORMATION_FORMAT = "dwarf-with-dsym";
				ENABLE_NS_ASSERTIONS = NO;
				ENABLE_STRICT_OBJC_MSGSEND = YES;
				GCC_C_LANGUAGE_STANDARD = gnu11;
				GCC_NO_COMMON_BLOCKS = YES;
				GCC_WARN_64_TO_32_BIT_CONVERSION = YES;
				GCC_WARN_ABOUT_RETURN_TYPE = YES_ERROR;
				GCC_WARN_UNDECLARED_SELECTOR = YES;
				GCC_WARN_UNINITIALIZED_AUTOS = YES_AGGRESSIVE;
				GCC_WARN_UNUSED_FUNCTION = YES;
				GCC_WARN_UNUSED_VARIABLE = YES;
				IPHONEOS_DEPLOYMENT_TARGET = 12.1;
				MTL_ENABLE_DEBUG_INFO = NO;
				MTL_FAST_MATH = YES;
				SDKROOT = iphoneos;
				SWIFT_COMPILATION_MODE = wholemodule;
				SWIFT_OPTIMIZATION_LEVEL = "-O";
				VALIDATE_PRODUCT = YES;
			};
			name = Release;
		};
		8AA5C82D2208EF0B00F08392 /* Debug */ = {
			isa = XCBuildConfiguration;
			buildSettings = {
				ASSETCATALOG_COMPILER_APPICON_NAME = AppIcon;
				CODE_SIGN_STYLE = Automatic;
				DEVELOPMENT_TEAM = YN42LX3L5Z;
				INFOPLIST_FILE = banddiscovery/Info.plist;
				LD_RUNPATH_SEARCH_PATHS = (
					"$(inherited)",
					"@executable_path/Frameworks",
				);
				PRODUCT_BUNDLE_IDENTIFIER = ATLAS.banddiscovery;
				PRODUCT_NAME = "$(TARGET_NAME)";
				SWIFT_VERSION = 4.2;
				TARGETED_DEVICE_FAMILY = "1,2";
			};
			name = Debug;
		};
		8AA5C82E2208EF0B00F08392 /* Release */ = {
			isa = XCBuildConfiguration;
			buildSettings = {
				ASSETCATALOG_COMPILER_APPICON_NAME = AppIcon;
				CODE_SIGN_STYLE = Automatic;
				DEVELOPMENT_TEAM = YN42LX3L5Z;
				INFOPLIST_FILE = banddiscovery/Info.plist;
				LD_RUNPATH_SEARCH_PATHS = (
					"$(inherited)",
					"@executable_path/Frameworks",
				);
				PRODUCT_BUNDLE_IDENTIFIER = ATLAS.banddiscovery;
				PRODUCT_NAME = "$(TARGET_NAME)";
				SWIFT_VERSION = 4.2;
				TARGETED_DEVICE_FAMILY = "1,2";
			};
			name = Release;
		};
/* End XCBuildConfiguration section */

/* Begin XCConfigurationList section */
		8AA5C8132208EF0800F08392 /* Build configuration list for PBXProject "banddiscovery" */ = {
			isa = XCConfigurationList;
			buildConfigurations = (
				8AA5C82A2208EF0B00F08392 /* Debug */,
				8AA5C82B2208EF0B00F08392 /* Release */,
			);
			defaultConfigurationIsVisible = 0;
			defaultConfigurationName = Release;
		};
		8AA5C82C2208EF0B00F08392 /* Build configuration list for PBXNativeTarget "banddiscovery" */ = {
			isa = XCConfigurationList;
			buildConfigurations = (
				8AA5C82D2208EF0B00F08392 /* Debug */,
				8AA5C82E2208EF0B00F08392 /* Release */,
			);
			defaultConfigurationIsVisible = 0;
			defaultConfigurationName = Release;
		};
/* End XCConfigurationList section */
	};
	rootObject = 8AA5C8102208EF0800F08392 /* Project object */;
}
