// !$*UTF8*$!
{
	archiveVersion = 1;
	classes = {
	};
	objectVersion = 50;
	objects = {

/* Begin PBXBuildFile section */
		8A22624F222DFBD700B9E601 /* AppDelegate.swift in Sources */ = {isa = PBXBuildFile; fileRef = 8A22624E222DFBD700B9E601 /* AppDelegate.swift */; };
		8A226251222DFBD700B9E601 /* MasterViewController.swift in Sources */ = {isa = PBXBuildFile; fileRef = 8A226250222DFBD700B9E601 /* MasterViewController.swift */; };
		8A226253222DFBD700B9E601 /* DetailViewController.swift in Sources */ = {isa = PBXBuildFile; fileRef = 8A226252222DFBD700B9E601 /* DetailViewController.swift */; };
		8A226256222DFBD700B9E601 /* Main.storyboard in Resources */ = {isa = PBXBuildFile; fileRef = 8A226254222DFBD700B9E601 /* Main.storyboard */; };
		8A226258222DFBD900B9E601 /* Assets.xcassets in Resources */ = {isa = PBXBuildFile; fileRef = 8A226257222DFBD900B9E601 /* Assets.xcassets */; };
		8A22625B222DFBD900B9E601 /* LaunchScreen.storyboard in Resources */ = {isa = PBXBuildFile; fileRef = 8A226259222DFBD900B9E601 /* LaunchScreen.storyboard */; };
		8A226263222DFC3F00B9E601 /* Pokemon.swift in Sources */ = {isa = PBXBuildFile; fileRef = 8A226262222DFC3F00B9E601 /* Pokemon.swift */; };
		8A226265222DFC5600B9E601 /* PokemonDataController.swift in Sources */ = {isa = PBXBuildFile; fileRef = 8A226264222DFC5600B9E601 /* PokemonDataController.swift */; };
/* End PBXBuildFile section */

/* Begin PBXFileReference section */
		8A22624B222DFBD700B9E601 /* pokedexV2.app */ = {isa = PBXFileReference; explicitFileType = wrapper.application; includeInIndex = 0; path = pokedexV2.app; sourceTree = BUILT_PRODUCTS_DIR; };
		8A22624E222DFBD700B9E601 /* AppDelegate.swift */ = {isa = PBXFileReference; lastKnownFileType = sourcecode.swift; path = AppDelegate.swift; sourceTree = "<group>"; };
		8A226250222DFBD700B9E601 /* MasterViewController.swift */ = {isa = PBXFileReference; lastKnownFileType = sourcecode.swift; path = MasterViewController.swift; sourceTree = "<group>"; };
		8A226252222DFBD700B9E601 /* DetailViewController.swift */ = {isa = PBXFileReference; lastKnownFileType = sourcecode.swift; path = DetailViewController.swift; sourceTree = "<group>"; };
		8A226255222DFBD700B9E601 /* Base */ = {isa = PBXFileReference; lastKnownFileType = file.storyboard; name = Base; path = Base.lproj/Main.storyboard; sourceTree = "<group>"; };
		8A226257222DFBD900B9E601 /* Assets.xcassets */ = {isa = PBXFileReference; lastKnownFileType = folder.assetcatalog; path = Assets.xcassets; sourceTree = "<group>"; };
		8A22625A222DFBD900B9E601 /* Base */ = {isa = PBXFileReference; lastKnownFileType = file.storyboard; name = Base; path = Base.lproj/LaunchScreen.storyboard; sourceTree = "<group>"; };
		8A22625C222DFBD900B9E601 /* Info.plist */ = {isa = PBXFileReference; lastKnownFileType = text.plist.xml; path = Info.plist; sourceTree = "<group>"; };
		8A226262222DFC3F00B9E601 /* Pokemon.swift */ = {isa = PBXFileReference; lastKnownFileType = sourcecode.swift; path = Pokemon.swift; sourceTree = "<group>"; };
		8A226264222DFC5600B9E601 /* PokemonDataController.swift */ = {isa = PBXFileReference; lastKnownFileType = sourcecode.swift; path = PokemonDataController.swift; sourceTree = "<group>"; };
/* End PBXFileReference section */

/* Begin PBXFrameworksBuildPhase section */
		8A226248222DFBD700B9E601 /* Frameworks */ = {
			isa = PBXFrameworksBuildPhase;
			buildActionMask = 2147483647;
			files = (
			);
			runOnlyForDeploymentPostprocessing = 0;
		};
/* End PBXFrameworksBuildPhase section */

/* Begin PBXGroup section */
		8A226242222DFBD700B9E601 = {
			isa = PBXGroup;
			children = (
				8A22624D222DFBD700B9E601 /* pokedexV2 */,
				8A22624C222DFBD700B9E601 /* Products */,
			);
			sourceTree = "<group>";
		};
		8A22624C222DFBD700B9E601 /* Products */ = {
			isa = PBXGroup;
			children = (
				8A22624B222DFBD700B9E601 /* pokedexV2.app */,
			);
			name = Products;
			sourceTree = "<group>";
		};
		8A22624D222DFBD700B9E601 /* pokedexV2 */ = {
			isa = PBXGroup;
			children = (
				8A22624E222DFBD700B9E601 /* AppDelegate.swift */,
				8A226254222DFBD700B9E601 /* Main.storyboard */,
				8A226262222DFC3F00B9E601 /* Pokemon.swift */,
				8A226264222DFC5600B9E601 /* PokemonDataController.swift */,
				8A226250222DFBD700B9E601 /* MasterViewController.swift */,
				8A226252222DFBD700B9E601 /* DetailViewController.swift */,
				8A226257222DFBD900B9E601 /* Assets.xcassets */,
				8A226259222DFBD900B9E601 /* LaunchScreen.storyboard */,
				8A22625C222DFBD900B9E601 /* Info.plist */,
			);
			path = pokedexV2;
			sourceTree = "<group>";
		};
/* End PBXGroup section */

/* Begin PBXNativeTarget section */
		8A22624A222DFBD700B9E601 /* pokedexV2 */ = {
			isa = PBXNativeTarget;
			buildConfigurationList = 8A22625F222DFBD900B9E601 /* Build configuration list for PBXNativeTarget "pokedexV2" */;
			buildPhases = (
				8A226247222DFBD700B9E601 /* Sources */,
				8A226248222DFBD700B9E601 /* Frameworks */,
				8A226249222DFBD700B9E601 /* Resources */,
			);
			buildRules = (
			);
			dependencies = (
			);
			name = pokedexV2;
			productName = pokedexV2;
			productReference = 8A22624B222DFBD700B9E601 /* pokedexV2.app */;
			productType = "com.apple.product-type.application";
		};
/* End PBXNativeTarget section */

/* Begin PBXProject section */
		8A226243222DFBD700B9E601 /* Project object */ = {
			isa = PBXProject;
			attributes = {
				LastSwiftUpdateCheck = 1010;
				LastUpgradeCheck = 1010;
				ORGANIZATIONNAME = "Rachel Slagle";
				TargetAttributes = {
					8A22624A222DFBD700B9E601 = {
						CreatedOnToolsVersion = 10.1;
					};
				};
			};
			buildConfigurationList = 8A226246222DFBD700B9E601 /* Build configuration list for PBXProject "pokedexV2" */;
			compatibilityVersion = "Xcode 9.3";
			developmentRegion = en;
			hasScannedForEncodings = 0;
			knownRegions = (
				en,
				Base,
			);
			mainGroup = 8A226242222DFBD700B9E601;
			productRefGroup = 8A22624C222DFBD700B9E601 /* Products */;
			projectDirPath = "";
			projectRoot = "";
			targets = (
				8A22624A222DFBD700B9E601 /* pokedexV2 */,
			);
		};
/* End PBXProject section */

/* Begin PBXResourcesBuildPhase section */
		8A226249222DFBD700B9E601 /* Resources */ = {
			isa = PBXResourcesBuildPhase;
			buildActionMask = 2147483647;
			files = (
				8A22625B222DFBD900B9E601 /* LaunchScreen.storyboard in Resources */,
				8A226258222DFBD900B9E601 /* Assets.xcassets in Resources */,
				8A226256222DFBD700B9E601 /* Main.storyboard in Resources */,
			);
			runOnlyForDeploymentPostprocessing = 0;
		};
/* End PBXResourcesBuildPhase section */

/* Begin PBXSourcesBuildPhase section */
		8A226247222DFBD700B9E601 /* Sources */ = {
			isa = PBXSourcesBuildPhase;
			buildActionMask = 2147483647;
			files = (
				8A226253222DFBD700B9E601 /* DetailViewController.swift in Sources */,
				8A226263222DFC3F00B9E601 /* Pokemon.swift in Sources */,
				8A226265222DFC5600B9E601 /* PokemonDataController.swift in Sources */,
				8A226251222DFBD700B9E601 /* MasterViewController.swift in Sources */,
				8A22624F222DFBD700B9E601 /* AppDelegate.swift in Sources */,
			);
			runOnlyForDeploymentPostprocessing = 0;
		};
/* End PBXSourcesBuildPhase section */

/* Begin PBXVariantGroup section */
		8A226254222DFBD700B9E601 /* Main.storyboard */ = {
			isa = PBXVariantGroup;
			children = (
				8A226255222DFBD700B9E601 /* Base */,
			);
			name = Main.storyboard;
			sourceTree = "<group>";
		};
		8A226259222DFBD900B9E601 /* LaunchScreen.storyboard */ = {
			isa = PBXVariantGroup;
			children = (
				8A22625A222DFBD900B9E601 /* Base */,
			);
			name = LaunchScreen.storyboard;
			sourceTree = "<group>";
		};
/* End PBXVariantGroup section */

/* Begin XCBuildConfiguration section */
		8A22625D222DFBD900B9E601 /* Debug */ = {
			isa = XCBuildConfiguration;
			buildSettings = {
				ALWAYS_SEARCH_USER_PATHS = NO;
				CLANG_ANALYZER_NONNULL = YES;
				CLANG_ANALYZER_NUMBER_OBJECT_CONVERSION = YES_AGGRESSIVE;
				CLANG_CXX_LANGUAGE_STANDARD = "gnu++14";
				CLANG_CXX_LIBRARY = "libc++";
				CLANG_ENABLE_MODULES = YES;
				CLANG_ENABLE_OBJC_ARC = YES;
				CLANG_ENABLE_OBJC_WEAK = YES;
				CLANG_WARN_BLOCK_CAPTURE_AUTORELEASING = YES;
				CLANG_WARN_BOOL_CONVERSION = YES;
				CLANG_WARN_COMMA = YES;
				CLANG_WARN_CONSTANT_CONVERSION = YES;
				CLANG_WARN_DEPRECATED_OBJC_IMPLEMENTATIONS = YES;
				CLANG_WARN_DIRECT_OBJC_ISA_USAGE = YES_ERROR;
				CLANG_WARN_DOCUMENTATION_COMMENTS = YES;
				CLANG_WARN_EMPTY_BODY = YES;
				CLANG_WARN_ENUM_CONVERSION = YES;
				CLANG_WARN_INFINITE_RECURSION = YES;
				CLANG_WARN_INT_CONVERSION = YES;
				CLANG_WARN_NON_LITERAL_NULL_CONVERSION = YES;
				CLANG_WARN_OBJC_IMPLICIT_RETAIN_SELF = YES;
				CLANG_WARN_OBJC_LITERAL_CONVERSION = YES;
				CLANG_WARN_OBJC_ROOT_CLASS = YES_ERROR;
				CLANG_WARN_RANGE_LOOP_ANALYSIS = YES;
				CLANG_WARN_STRICT_PROTOTYPES = YES;
				CLANG_WARN_SUSPICIOUS_MOVE = YES;
				CLANG_WARN_UNGUARDED_AVAILABILITY = YES_AGGRESSIVE;
				CLANG_WARN_UNREACHABLE_CODE = YES;
				CLANG_WARN__DUPLICATE_METHOD_MATCH = YES;
				CODE_SIGN_IDENTITY = "iPhone Developer";
				COPY_PHASE_STRIP = NO;
				DEBUG_INFORMATION_FORMAT = dwarf;
				ENABLE_STRICT_OBJC_MSGSEND = YES;
				ENABLE_TESTABILITY = YES;
				GCC_C_LANGUAGE_STANDARD = gnu11;
				GCC_DYNAMIC_NO_PIC = NO;
				GCC_NO_COMMON_BLOCKS = YES;
				GCC_OPTIMIZATION_LEVEL = 0;
				GCC_PREPROCESSOR_DEFINITIONS = (
					"DEBUG=1",
					"$(inherited)",
				);
				GCC_WARN_64_TO_32_BIT_CONVERSION = YES;
				GCC_WARN_ABOUT_RETURN_TYPE = YES_ERROR;
				GCC_WARN_UNDECLARED_SELECTOR = YES;
				GCC_WARN_UNINITIALIZED_AUTOS = YES_AGGRESSIVE;
				GCC_WARN_UNUSED_FUNCTION = YES;
				GCC_WARN_UNUSED_VARIABLE = YES;
				IPHONEOS_DEPLOYMENT_TARGET = 12.1;
				MTL_ENABLE_DEBUG_INFO = INCLUDE_SOURCE;
				MTL_FAST_MATH = YES;
				ONLY_ACTIVE_ARCH = YES;
				SDKROOT = iphoneos;
				SWIFT_ACTIVE_COMPILATION_CONDITIONS = DEBUG;
				SWIFT_OPTIMIZATION_LEVEL = "-Onone";
			};
			name = Debug;
		};
		8A22625E222DFBD900B9E601 /* Release */ = {
			isa = XCBuildConfiguration;
			buildSettings = {
				ALWAYS_SEARCH_USER_PATHS = NO;
				CLANG_ANALYZER_NONNULL = YES;
				CLANG_ANALYZER_NUMBER_OBJECT_CONVERSION = YES_AGGRESSIVE;
				CLANG_CXX_LANGUAGE_STANDARD = "gnu++14";
				CLANG_CXX_LIBRARY = "libc++";
				CLANG_ENABLE_MODULES = YES;
				CLANG_ENABLE_OBJC_ARC = YES;
				CLANG_ENABLE_OBJC_WEAK = YES;
				CLANG_WARN_BLOCK_CAPTURE_AUTORELEASING = YES;
				CLANG_WARN_BOOL_CONVERSION = YES;
				CLANG_WARN_COMMA = YES;
				CLANG_WARN_CONSTANT_CONVERSION = YES;
				CLANG_WARN_DEPRECATED_OBJC_IMPLEMENTATIONS = YES;
				CLANG_WARN_DIRECT_OBJC_ISA_USAGE = YES_ERROR;
				CLANG_WARN_DOCUMENTATION_COMMENTS = YES;
				CLANG_WARN_EMPTY_BODY = YES;
				CLANG_WARN_ENUM_CONVERSION = YES;
				CLANG_WARN_INFINITE_RECURSION = YES;
				CLANG_WARN_INT_CONVERSION = YES;
				CLANG_WARN_NON_LITERAL_NULL_CONVERSION = YES;
				CLANG_WARN_OBJC_IMPLICIT_RETAIN_SELF = YES;
				CLANG_WARN_OBJC_LITERAL_CONVERSION = YES;
				CLANG_WARN_OBJC_ROOT_CLASS = YES_ERROR;
				CLANG_WARN_RANGE_LOOP_ANALYSIS = YES;
				CLANG_WARN_STRICT_PROTOTYPES = YES;
				CLANG_WARN_SUSPICIOUS_MOVE = YES;
				CLANG_WARN_UNGUARDED_AVAILABILITY = YES_AGGRESSIVE;
				CLANG_WARN_UNREACHABLE_CODE = YES;
				CLANG_WARN__DUPLICATE_METHOD_MATCH = YES;
				CODE_SIGN_IDENTITY = "iPhone Developer";
				COPY_PHASE_STRIP = NO;
				DEBUG_INFORMATION_FORMAT = "dwarf-with-dsym";
				ENABLE_NS_ASSERTIONS = NO;
				ENABLE_STRICT_OBJC_MSGSEND = YES;
				GCC_C_LANGUAGE_STANDARD = gnu11;
				GCC_NO_COMMON_BLOCKS = YES;
				GCC_WARN_64_TO_32_BIT_CONVERSION = YES;
				GCC_WARN_ABOUT_RETURN_TYPE = YES_ERROR;
				GCC_WARN_UNDECLARED_SELECTOR = YES;
				GCC_WARN_UNINITIALIZED_AUTOS = YES_AGGRESSIVE;
				GCC_WARN_UNUSED_FUNCTION = YES;
				GCC_WARN_UNUSED_VARIABLE = YES;
				IPHONEOS_DEPLOYMENT_TARGET = 12.1;
				MTL_ENABLE_DEBUG_INFO = NO;
				MTL_FAST_MATH = YES;
				SDKROOT = iphoneos;
				SWIFT_COMPILATION_MODE = wholemodule;
				SWIFT_OPTIMIZATION_LEVEL = "-O";
				VALIDATE_PRODUCT = YES;
			};
			name = Release;
		};
		8A226260222DFBD900B9E601 /* Debug */ = {
			isa = XCBuildConfiguration;
			buildSettings = {
				ASSETCATALOG_COMPILER_APPICON_NAME = AppIcon;
				CODE_SIGN_STYLE = Automatic;
				DEVELOPMENT_TEAM = YN42LX3L5Z;
				INFOPLIST_FILE = pokedexV2/Info.plist;
				LD_RUNPATH_SEARCH_PATHS = (
					"$(inherited)",
					"@executable_path/Frameworks",
				);
				PRODUCT_BUNDLE_IDENTIFIER = ATLAS.pokedexV2;
				PRODUCT_NAME = "$(TARGET_NAME)";
				SWIFT_VERSION = 4.2;
				TARGETED_DEVICE_FAMILY = "1,2";
			};
			name = Debug;
		};
		8A226261222DFBD900B9E601 /* Release */ = {
			isa = XCBuildConfiguration;
			buildSettings = {
				ASSETCATALOG_COMPILER_APPICON_NAME = AppIcon;
				CODE_SIGN_STYLE = Automatic;
				DEVELOPMENT_TEAM = YN42LX3L5Z;
				INFOPLIST_FILE = pokedexV2/Info.plist;
				LD_RUNPATH_SEARCH_PATHS = (
					"$(inherited)",
					"@executable_path/Frameworks",
				);
				PRODUCT_BUNDLE_IDENTIFIER = ATLAS.pokedexV2;
				PRODUCT_NAME = "$(TARGET_NAME)";
				SWIFT_VERSION = 4.2;
				TARGETED_DEVICE_FAMILY = "1,2";
			};
			name = Release;
		};
/* End XCBuildConfiguration section */

/* Begin XCConfigurationList section */
		8A226246222DFBD700B9E601 /* Build configuration list for PBXProject "pokedexV2" */ = {
			isa = XCConfigurationList;
			buildConfigurations = (
				8A22625D222DFBD900B9E601 /* Debug */,
				8A22625E222DFBD900B9E601 /* Release */,
			);
			defaultConfigurationIsVisible = 0;
			defaultConfigurationName = Release;
		};
		8A22625F222DFBD900B9E601 /* Build configuration list for PBXNativeTarget "pokedexV2" */ = {
			isa = XCConfigurationList;
			buildConfigurations = (
				8A226260222DFBD900B9E601 /* Debug */,
				8A226261222DFBD900B9E601 /* Release */,
			);
			defaultConfigurationIsVisible = 0;
			defaultConfigurationName = Release;
		};
/* End XCConfigurationList section */
	};
	rootObject = 8A226243222DFBD700B9E601 /* Project object */;
}
